
Microsoft Visual Studio Solution File, Format Version 12.00
# Visual Studio Version 17
VisualStudioVersion = 17.5.33530.505
MinimumVisualStudioVersion = 10.0.40219.1
Project("{FAE04EC0-301F-11D3-BF4B-00C04F79EFBC}") = "youtube_clone", "youtube_clone.csproj", "{F7A2654C-EE3C-4809-B542-3D9516C6A829}"
EndProject
Global
	GlobalSection(SolutionConfigurationPlatforms) = preSolution
		Debug|Any CPU = Debug|Any CPU
		Release|Any CPU = Release|Any CPU
	EndGlobalSection
	GlobalSection(ProjectConfigurationPlatforms) = postSolution
		{F7A2654C-EE3C-4809-B542-3D9516C6A829}.Debug|Any CPU.ActiveCfg = Debug|Any CPU
		{F7A2654C-EE3C-4809-B542-3D9516C6A829}.Debug|Any CPU.Build.0 = Debug|Any CPU
		{F7A2654C-EE3C-4809-B542-3D9516C6A829}.Release|Any CPU.ActiveCfg = Release|Any CPU
		{F7A2654C-EE3C-4809-B542-3D9516C6A829}.Release|Any CPU.Build.0 = Release|Any CPU
	EndGlobalSection
	GlobalSection(SolutionProperties) = preSolution
		HideSolutionNode = FALSE
	EndGlobalSection
	GlobalSection(ExtensibilityGlobals) = postSolution
		SolutionGuid = {C4BE597F-387D-4B2A-BCB2-3E5D0FD3ADA3}
	EndGlobalSection
EndGlobal
